<?xml version="1.0" encoding="utf-8"?>
<Project ToolsVersion="4.0" xmlns:atg="http://atg.xbox.com" xmlns="http://schemas.microsoft.com/developer/msbuild/2003">
  <ItemGroup>
    <Filter Include="Resource Files">
      <UniqueIdentifier>{8e114980-c1a3-4ada-ad7c-83caadf5daeb}</UniqueIdentifier>
      <Extensions>rc;ico;cur;bmp;dlg;rc2;rct;bin;rgs;gif;jpg;jpeg;jpe</Extensions>
    </Filter>
    <Filter Include="DXUT">
      <UniqueIdentifier>{a43c5c25-0e86-4a20-b64a-883785ff74fd}</UniqueIdentifier>
    </Filter>
  </ItemGroup>
  <ItemGroup>
    <ClCompile Include="scfile\cameraclass.cpp" />
    <ClCompile Include="scfile\colorshaderclass.cpp" />
    <ClCompile Include="scfile\d3dclass.cpp" />
    <ClCompile Include="scfile\graphicsclass.cpp" />
    <ClCompile Include="scfile\inputclass.cpp" />
    <ClCompile Include="scfile\main.cpp" />
    <ClCompile Include="scfile\modelclass.cpp" />
    <ClCompile Include="scfile\systemclass.cpp" />
  </ItemGroup>
  <ItemGroup>
    <ClCompile Include="Tutorial01.cpp" />
  </ItemGroup>
  <ItemGroup>
    <ClInclude Include="scfile\cameraclass.h" />
    <ClInclude Include="scfile\colorshaderclass.h" />
    <ClInclude Include="scfile\d3dclass.h" />
    <ClInclude Include="scfile\graphicsclass.h" />
    <ClInclude Include="scfile\inputclass.h" />
    <ClInclude Include="scfile\modelclass.h" />
    <ClInclude Include="scfile\systemclass.h" />
  </ItemGroup>
  <ItemGroup>
    <CLInclude Include="resource.h">
      <Filter>Resource Files</Filter>
    </CLInclude>
    <ResourceCompile Include="Tutorial01.rc">
      <Filter>Resource Files</Filter>
    </ResourceCompile>
  </ItemGroup>
  <ItemGroup>
    <None Include="color.ps" />
    <None Include="color.vs" />
  </ItemGroup>
</Project>